{
  "name": "dev-theme",
  "version": "1.0.0",
  "lockfileVersion": 3,
  "requires": true,
  "packages": {
    "": {
      "name": "dev-theme",
      "version": "1.0.0",
      "license": "ISC",
      "dependencies": {
        "tailwindcss": "^4.1.17"
      },
      "devDependencies": {
        "daisyui": "^5.5.8"
      }
    },
    "node_modules/daisyui": {
      "version": "5.5.8",
      "resolved": "https://registry.npmjs.org/daisyui/-/daisyui-5.5.8.tgz",
      "integrity": "sha512-6psL9jIEOFOw68V10j/BKCWcRgx8dh81mmNxShr+g7HDM6UHNoPharlp9zq/PQkHNuGU1ZQsajR3HgpvavbRKQ==",
      "dev": true,
      "license": "MIT",
      "funding": {
        "url": "https://github.com/saadeghi/daisyui?sponsor=1"
      }
    },
    "node_modules/tailwindcss": {
      "version": "4.1.17",
      "resolved": "https://registry.npmjs.org/tailwindcss/-/tailwindcss-4.1.17.tgz",
      "integrity": "sha512-j9Ee2YjuQqYT9bbRTfTZht9W/ytp5H+jJpZKiYdP/bpnXARAuELt9ofP0lPnmHjbga7SNQIxdTAXCmtKVYjN+Q==",
      "license": "MIT"
    }
  }
}
